
Microsoft Visual Studio Solution File, Format Version 12.00
# Visual Studio Version 17
VisualStudioVersion = 17.6.33829.357
MinimumVisualStudioVersion = 10.0.40219.1
Project("{FAE04EC0-301F-11D3-BF4B-00C04F79EFBC}") = "GymWeb", "GymWeb\GymWeb.csproj", "{737DDC38-2139-4787-995E-35B0BA577909}"
EndProject
Global
	GlobalSection(SolutionConfigurationPlatforms) = preSolution
		Debug|Any CPU = Debug|Any CPU
		Release|Any CPU = Release|Any CPU
	EndGlobalSection
	GlobalSection(ProjectConfigurationPlatforms) = postSolution
		{737DDC38-2139-4787-995E-35B0BA577909}.Debug|Any CPU.ActiveCfg = Debug|Any CPU
		{737DDC38-2139-4787-995E-35B0BA577909}.Debug|Any CPU.Build.0 = Debug|Any CPU
		{737DDC38-2139-4787-995E-35B0BA577909}.Release|Any CPU.ActiveCfg = Release|Any CPU
		{737DDC38-2139-4787-995E-35B0BA577909}.Release|Any CPU.Build.0 = Release|Any CPU
	EndGlobalSection
	GlobalSection(SolutionProperties) = preSolution
		HideSolutionNode = FALSE
	EndGlobalSection
	GlobalSection(ExtensibilityGlobals) = postSolution
		SolutionGuid = {22093005-C1F8-45BB-B966-7555A3CACA81}
	EndGlobalSection
EndGlobal
